
Microsoft Visual Studio Solution File, Format Version 12.00
# Visual Studio Version 17
VisualStudioVersion = 17.8.34330.188
MinimumVisualStudioVersion = 10.0.40219.1
Project("{FAE04EC0-301F-11D3-BF4B-00C04F79EFBC}") = "Trial1 ATM", "Trial1 ATM\Trial1 ATM.csproj", "{B667F7FB-F19F-469A-ABCA-779149BB63FA}"
EndProject
Global
	GlobalSection(SolutionConfigurationPlatforms) = preSolution
		Debug|Any CPU = Debug|Any CPU
		Release|Any CPU = Release|Any CPU
	EndGlobalSection
	GlobalSection(ProjectConfigurationPlatforms) = postSolution
		{B667F7FB-F19F-469A-ABCA-779149BB63FA}.Debug|Any CPU.ActiveCfg = Debug|Any CPU
		{B667F7FB-F19F-469A-ABCA-779149BB63FA}.Debug|Any CPU.Build.0 = Debug|Any CPU
		{B667F7FB-F19F-469A-ABCA-779149BB63FA}.Release|Any CPU.ActiveCfg = Release|Any CPU
		{B667F7FB-F19F-469A-ABCA-779149BB63FA}.Release|Any CPU.Build.0 = Release|Any CPU
	EndGlobalSection
	GlobalSection(SolutionProperties) = preSolution
		HideSolutionNode = FALSE
	EndGlobalSection
	GlobalSection(ExtensibilityGlobals) = postSolution
		SolutionGuid = {B15BB4F0-0CDA-4CCF-94CA-93E76797B7F6}
	EndGlobalSection
EndGlobal
