
Microsoft Visual Studio Solution File, Format Version 12.00
# Visual Studio Version 17
VisualStudioVersion = 17.8.34330.188
MinimumVisualStudioVersion = 10.0.40219.1
Project("{FAE04EC0-301F-11D3-BF4B-00C04F79EFBC}") = "Multiplication table", "Multiplication table\Multiplication table.csproj", "{CEC490CB-5863-46C0-A760-16EA3327FFFC}"
EndProject
Global
	GlobalSection(SolutionConfigurationPlatforms) = preSolution
		Debug|Any CPU = Debug|Any CPU
		Release|Any CPU = Release|Any CPU
	EndGlobalSection
	GlobalSection(ProjectConfigurationPlatforms) = postSolution
		{CEC490CB-5863-46C0-A760-16EA3327FFFC}.Debug|Any CPU.ActiveCfg = Debug|Any CPU
		{CEC490CB-5863-46C0-A760-16EA3327FFFC}.Debug|Any CPU.Build.0 = Debug|Any CPU
		{CEC490CB-5863-46C0-A760-16EA3327FFFC}.Release|Any CPU.ActiveCfg = Release|Any CPU
		{CEC490CB-5863-46C0-A760-16EA3327FFFC}.Release|Any CPU.Build.0 = Release|Any CPU
	EndGlobalSection
	GlobalSection(SolutionProperties) = preSolution
		HideSolutionNode = FALSE
	EndGlobalSection
	GlobalSection(ExtensibilityGlobals) = postSolution
		SolutionGuid = {6B460E3D-8C4E-42A6-830D-127C1598C5C9}
	EndGlobalSection
EndGlobal
