
Microsoft Visual Studio Solution File, Format Version 12.00
# Visual Studio Version 17
VisualStudioVersion = 17.8.34330.188
MinimumVisualStudioVersion = 10.0.40219.1
Project("{FAE04EC0-301F-11D3-BF4B-00C04F79EFBC}") = "Login App", "Login App\Login App.csproj", "{35D2CF2B-78C1-4DD8-9A5A-5DA5F5DE280B}"
EndProject
Global
	GlobalSection(SolutionConfigurationPlatforms) = preSolution
		Debug|Any CPU = Debug|Any CPU
		Release|Any CPU = Release|Any CPU
	EndGlobalSection
	GlobalSection(ProjectConfigurationPlatforms) = postSolution
		{35D2CF2B-78C1-4DD8-9A5A-5DA5F5DE280B}.Debug|Any CPU.ActiveCfg = Debug|Any CPU
		{35D2CF2B-78C1-4DD8-9A5A-5DA5F5DE280B}.Debug|Any CPU.Build.0 = Debug|Any CPU
		{35D2CF2B-78C1-4DD8-9A5A-5DA5F5DE280B}.Release|Any CPU.ActiveCfg = Release|Any CPU
		{35D2CF2B-78C1-4DD8-9A5A-5DA5F5DE280B}.Release|Any CPU.Build.0 = Release|Any CPU
	EndGlobalSection
	GlobalSection(SolutionProperties) = preSolution
		HideSolutionNode = FALSE
	EndGlobalSection
	GlobalSection(ExtensibilityGlobals) = postSolution
		SolutionGuid = {52EBCC2D-85B6-41A2-8C66-7DC33B079162}
	EndGlobalSection
EndGlobal
